
Microsoft Visual Studio Solution File, Format Version 12.00
# Visual Studio 15
VisualStudioVersion = 15.0.28307.960
MinimumVisualStudioVersion = 10.0.40219.1
Project("{888888A0-9F3D-457C-B088-3A5042F75D52}") = "Little-Book-of-Algorithms", "Little-Book-of-Algorithms\Little-Book-of-Algorithms.pyproj", "{20FE59EE-A5C0-4A58-98FE-7174760088BC}"
EndProject
Global
	GlobalSection(SolutionConfigurationPlatforms) = preSolution
		Debug|Any CPU = Debug|Any CPU
		Release|Any CPU = Release|Any CPU
	EndGlobalSection
	GlobalSection(ProjectConfigurationPlatforms) = postSolution
		{20FE59EE-A5C0-4A58-98FE-7174760088BC}.Debug|Any CPU.ActiveCfg = Debug|Any CPU
		{20FE59EE-A5C0-4A58-98FE-7174760088BC}.Release|Any CPU.ActiveCfg = Release|Any CPU
	EndGlobalSection
	GlobalSection(SolutionProperties) = preSolution
		HideSolutionNode = FALSE
	EndGlobalSection
	GlobalSection(ExtensibilityGlobals) = postSolution
		SolutionGuid = {7E5A401F-262B-4296-912A-F67258CFD4D2}
	EndGlobalSection
EndGlobal
